
Microsoft Visual Studio Solution File, Format Version 12.00
# Visual Studio Version 17
VisualStudioVersion = 17.9.34728.123
MinimumVisualStudioVersion = 10.0.40219.1
Project("{FAE04EC0-301F-11D3-BF4B-00C04F79EFBC}") = "Student_Information_System", "Student_Information_System.csproj", "{50BECE82-FCA3-450C-8DFC-635509486B1D}"
EndProject
Global
	GlobalSection(SolutionConfigurationPlatforms) = preSolution
		Debug|Any CPU = Debug|Any CPU
		Release|Any CPU = Release|Any CPU
	EndGlobalSection
	GlobalSection(ProjectConfigurationPlatforms) = postSolution
		{50BECE82-FCA3-450C-8DFC-635509486B1D}.Debug|Any CPU.ActiveCfg = Debug|Any CPU
		{50BECE82-FCA3-450C-8DFC-635509486B1D}.Debug|Any CPU.Build.0 = Debug|Any CPU
		{50BECE82-FCA3-450C-8DFC-635509486B1D}.Release|Any CPU.ActiveCfg = Release|Any CPU
		{50BECE82-FCA3-450C-8DFC-635509486B1D}.Release|Any CPU.Build.0 = Release|Any CPU
	EndGlobalSection
	GlobalSection(SolutionProperties) = preSolution
		HideSolutionNode = FALSE
	EndGlobalSection
	GlobalSection(ExtensibilityGlobals) = postSolution
		SolutionGuid = {38402040-E775-42D5-8A4C-07EA68F5FA67}
	EndGlobalSection
EndGlobal
